// !$*UTF8*$!
{
	archiveVersion = 1;
	classes = {
	};
	objectVersion = 77;
	objects = {

/* Begin PBXBuildFile section */
		BC01001F2F6C5D4200A85201 /* SignUpHeader.swift in Sources */ = {isa = PBXBuildFile; fileRef = BC01001E2F6C5D3C00A85201 /* SignUpHeader.swift */; };
		BC01FFA52F6BBA6600A85201 /* SignUpButton.swift in Sources */ = {isa = PBXBuildFile; fileRef = BC01FFA42F6BBA6600A85201 /* SignUpButton.swift */; };
		BC1DC2EE2F68CF730016A4CD /* TokenStorage.swift in Sources */ = {isa = PBXBuildFile; fileRef = BC1DC2D22F68CF730016A4CD /* TokenStorage.swift */; };
		BC1DC2F12F68CF730016A4CD /* Color+Extensions.swift in Sources */ = {isa = PBXBuildFile; fileRef = BC1DC2CD2F68CF730016A4CD /* Color+Extensions.swift */; };
		BC1DC2F22F68CF730016A4CD /* AuthAPI.swift in Sources */ = {isa = PBXBuildFile; fileRef = BC1DC2DD2F68CF730016A4CD /* AuthAPI.swift */; };
		BC1DC2FB2F68CF730016A4CD /* AuthService.swift in Sources */ = {isa = PBXBuildFile; fileRef = BC1DC2E52F68CF730016A4CD /* AuthService.swift */; };
		BC1DC2FC2F68CF730016A4CD /* Date+Extensions.swift in Sources */ = {isa = PBXBuildFile; fileRef = BC1DC2CE2F68CF730016A4CD /* Date+Extensions.swift */; };
		BC1DC2FE2F68CF730016A4CD /* ImagePicker.swift in Sources */ = {isa = PBXBuildFile; fileRef = BC1DC2EB2F68CF730016A4CD /* ImagePicker.swift */; };
		BC1DC2FF2F68CF730016A4CD /* AuthDTO.swift in Sources */ = {isa = PBXBuildFile; fileRef = BC1DC2D72F68CF730016A4CD /* AuthDTO.swift */; };
		BC6473732F86AD4900FA15EA /* AlbumDTO.swift in Sources */ = {isa = PBXBuildFile; fileRef = BC6473722F86AD4700FA15EA /* AlbumDTO.swift */; };
		BC6473752F86AD6E00FA15EA /* AlbumService.swift in Sources */ = {isa = PBXBuildFile; fileRef = BC6473742F86AD6D00FA15EA /* AlbumService.swift */; };
		BC64737A2F86ADDA00FA15EA /* AlbumAPI.swift in Sources */ = {isa = PBXBuildFile; fileRef = BC6473792F86ADD800FA15EA /* AlbumAPI.swift */; };
		BC64737D2F86B42C00FA15EA /* MoyaProvider.swift in Sources */ = {isa = PBXBuildFile; fileRef = BC64737C2F86B42600FA15EA /* MoyaProvider.swift */; };
		BC6674E52F72F50D009CBF8D /* AlbumHeader.swift in Sources */ = {isa = PBXBuildFile; fileRef = BC6674E42F72F50D009CBF8D /* AlbumHeader.swift */; };
		BC6674E72F73A564009CBF8D /* AlbumStrick.swift in Sources */ = {isa = PBXBuildFile; fileRef = BC6674E62F73A551009CBF8D /* AlbumStrick.swift */; };
		BC6674E92F73D231009CBF8D /* SiginUpViewModel.swift in Sources */ = {isa = PBXBuildFile; fileRef = BC6674E82F73D22A009CBF8D /* SiginUpViewModel.swift */; };
		BC66763C2F797A90009CBF8D /* AlbumEmptyCard.swift in Sources */ = {isa = PBXBuildFile; fileRef = BC66763B2F797A90009CBF8D /* AlbumEmptyCard.swift */; };
		BC66763E2F797A99009CBF8D /* AlbumPhotoCard.swift in Sources */ = {isa = PBXBuildFile; fileRef = BC66763D2F797A99009CBF8D /* AlbumPhotoCard.swift */; };
		BC6676402F797A9E009CBF8D /* AlbumTimeSlotCard.swift in Sources */ = {isa = PBXBuildFile; fileRef = BC66763F2F797A9E009CBF8D /* AlbumTimeSlotCard.swift */; };
		BC6676BD2F7D6370009CBF8D /* DraggablePIP.swift in Sources */ = {isa = PBXBuildFile; fileRef = BC6676BC2F7D6370009CBF8D /* DraggablePIP.swift */; };
		BC6676C02F7D7086009CBF8D /* AlbumMissCard.swift in Sources */ = {isa = PBXBuildFile; fileRef = BC6676BF2F7D707C009CBF8D /* AlbumMissCard.swift */; };
		BC6676C92F833C2B009CBF8D /* ImageCarousel.swift in Sources */ = {isa = PBXBuildFile; fileRef = BC6676C82F833C20009CBF8D /* ImageCarousel.swift */; };
		BC6676CB2F8405F8009CBF8D /* GuestbookSection.swift in Sources */ = {isa = PBXBuildFile; fileRef = BC6676CA2F8405F3009CBF8D /* GuestbookSection.swift */; };
		BC6676CD2F840615009CBF8D /* ProfileEditView.swift in Sources */ = {isa = PBXBuildFile; fileRef = BC6676CC2F840613009CBF8D /* ProfileEditView.swift */; };
		BC6676D42F8406D1009CBF8D /* ProfileHeaderView.swift in Sources */ = {isa = PBXBuildFile; fileRef = BC6676D12F84066B009CBF8D /* ProfileHeaderView.swift */; };
		BC6676D52F8406EB009CBF8D /* ProfileFeedGrid.swift in Sources */ = {isa = PBXBuildFile; fileRef = BC6676CE2F84062E009CBF8D /* ProfileFeedGrid.swift */; };
		BC6676D72F840F70009CBF8D /* ImageViewerView.swift in Sources */ = {isa = PBXBuildFile; fileRef = BC6676D62F840F6B009CBF8D /* ImageViewerView.swift */; };
		BC706DFD2F87C1FA0093C0B8 /* AlbumCalendarView.swift in Sources */ = {isa = PBXBuildFile; fileRef = BC706DFC2F87C1F80093C0B8 /* AlbumCalendarView.swift */; };
		BC706DFF2F87FA0E0093C0B8 /* AlbumDateDetailView.swift in Sources */ = {isa = PBXBuildFile; fileRef = BC706DFE2F87FA0C0093C0B8 /* AlbumDateDetailView.swift */; };
		BC706E4A2F8BF9B00093C0B8 /* ProfileDTO.swift in Sources */ = {isa = PBXBuildFile; fileRef = BC706E492F8BF9AF0093C0B8 /* ProfileDTO.swift */; };
		BC706E4D2F8BF9D90093C0B8 /* ProfileAPI.swift in Sources */ = {isa = PBXBuildFile; fileRef = BC706E4C2F8BF9D80093C0B8 /* ProfileAPI.swift */; };
		BC706E4F2F8BFA050093C0B8 /* ProfileService.swift in Sources */ = {isa = PBXBuildFile; fileRef = BC706E4E2F8BF9FF0093C0B8 /* ProfileService.swift */; };
		BC706E512F8CEA450093C0B8 /* SuggestedFriendRow.swift in Sources */ = {isa = PBXBuildFile; fileRef = BC706E502F8CEA440093C0B8 /* SuggestedFriendRow.swift */; };
		BC706E552F8CFDA30093C0B8 /* FriendHeaderView.swift in Sources */ = {isa = PBXBuildFile; fileRef = BC706E522F8CFD700093C0B8 /* FriendHeaderView.swift */; };
		BC706E572F8D096F0093C0B8 /* FriendRequestRow.swift in Sources */ = {isa = PBXBuildFile; fileRef = BC706E562F8D096E0093C0B8 /* FriendRequestRow.swift */; };
		BC706E592F8D09950093C0B8 /* FriendRequestView.swift in Sources */ = {isa = PBXBuildFile; fileRef = BC706E582F8D09940093C0B8 /* FriendRequestView.swift */; };
		BC706E5B2F8D39700093C0B8 /* FriendProfileView.swift in Sources */ = {isa = PBXBuildFile; fileRef = BC706E5A2F8D396F0093C0B8 /* FriendProfileView.swift */; };
		BC706E5D2F8D482C0093C0B8 /* FriendRelationSheet.swift in Sources */ = {isa = PBXBuildFile; fileRef = BC706E5C2F8D48280093C0B8 /* FriendRelationSheet.swift */; };
		BC706E5F2F8DC0E20093C0B8 /* FriendDTO.swift in Sources */ = {isa = PBXBuildFile; fileRef = BC706E5E2F8DC0E10093C0B8 /* FriendDTO.swift */; };
		BC706E622F8DC1100093C0B8 /* FriendAPI.swift in Sources */ = {isa = PBXBuildFile; fileRef = BC706E612F8DC1090093C0B8 /* FriendAPI.swift */; };
		BC706E642F8DC1350093C0B8 /* FriendService.swift in Sources */ = {isa = PBXBuildFile; fileRef = BC706E632F8DC1330093C0B8 /* FriendService.swift */; };
		BC706E682F8DFDD70093C0B8 /* ContactSyncView.swift in Sources */ = {isa = PBXBuildFile; fileRef = BC706E672F8DFDD60093C0B8 /* ContactSyncView.swift */; };
		BC706E722F8E92110093C0B8 /* FriendListView.swift in Sources */ = {isa = PBXBuildFile; fileRef = BC706E712F8E92100093C0B8 /* FriendListView.swift */; };
		BCCAD5822F6ABB4B00ED71E0 /* SnapyLoginView.swift in Sources */ = {isa = PBXBuildFile; fileRef = BCCAD5812F6ABB3D00ED71E0 /* SnapyLoginView.swift */; };
		BCCAD5FE2F6ABC3000ED71E0 /* SnapyTextField.swift in Sources */ = {isa = PBXBuildFile; fileRef = BCCAD5FD2F6ABC2F00ED71E0 /* SnapyTextField.swift */; };
		BCCAD6072F6B060300ED71E0 /* EmailView.swift in Sources */ = {isa = PBXBuildFile; fileRef = BCCAD6062F6B05EB00ED71E0 /* EmailView.swift */; };
		BCCAD60C2F6B062F00ED71E0 /* PasswordView.swift in Sources */ = {isa = PBXBuildFile; fileRef = BCCAD60B2F6B061E00ED71E0 /* PasswordView.swift */; };
		BCCAD6112F6B071700ED71E0 /* PhoneView.swift in Sources */ = {isa = PBXBuildFile; fileRef = BCCAD6102F6B071300ED71E0 /* PhoneView.swift */; };
		BCCAD6742F6B9F7500ED71E0 /* registerCompleteView.swift in Sources */ = {isa = PBXBuildFile; fileRef = BCCAD6732F6B9F6F00ED71E0 /* registerCompleteView.swift */; };
		BCCAD6782F6BA34400ED71E0 /* InfoView.swift in Sources */ = {isa = PBXBuildFile; fileRef = BCCAD6772F6BA33C00ED71E0 /* InfoView.swift */; };
		BCD10DAC2F854C94004CBC29 /* GuestbookFullView.swift in Sources */ = {isa = PBXBuildFile; fileRef = BCD10DAB2F854C8F004CBC29 /* GuestbookFullView.swift */; };
		BCD10DB02F854CDA004CBC29 /* GuestbookAddView.swift in Sources */ = {isa = PBXBuildFile; fileRef = BCD10DAD2F854CAB004CBC29 /* GuestbookAddView.swift */; };
		BCD8158B2F68DF9B0028AE50 /* CombineMoya in Frameworks */ = {isa = PBXBuildFile; productRef = BCD8158A2F68DF9B0028AE50 /* CombineMoya */; };
		BCD8158D2F68DF9B0028AE50 /* Moya in Frameworks */ = {isa = PBXBuildFile; productRef = BCD8158C2F68DF9B0028AE50 /* Moya */; };
		BCD8158F2F68DF9B0028AE50 /* ReactiveMoya in Frameworks */ = {isa = PBXBuildFile; productRef = BCD8158E2F68DF9B0028AE50 /* ReactiveMoya */; };
		BCD815912F68DF9B0028AE50 /* RxMoya in Frameworks */ = {isa = PBXBuildFile; productRef = BCD815902F68DF9B0028AE50 /* RxMoya */; };
		BCD815982F69285F0028AE50 /* Assets.xcassets in Resources */ = {isa = PBXBuildFile; fileRef = BCD815942F69285F0028AE50 /* Assets.xcassets */; };
		BCD8159A2F69285F0028AE50 /* SNAPY_iOSApp.swift in Sources */ = {isa = PBXBuildFile; fileRef = BCD815962F69285F0028AE50 /* SNAPY_iOSApp.swift */; };
		BCD815A32F6929550028AE50 /* SplashView.swift in Sources */ = {isa = PBXBuildFile; fileRef = BCD815A22F69294B0028AE50 /* SplashView.swift */; };
		BCD815A52F692FAB0028AE50 /* LoginView.swift in Sources */ = {isa = PBXBuildFile; fileRef = BCD815A42F692FA80028AE50 /* LoginView.swift */; };
		BCD815A72F692FB50028AE50 /* LoginViewModel.swift in Sources */ = {isa = PBXBuildFile; fileRef = BCD815A62F692FAE0028AE50 /* LoginViewModel.swift */; };
		BCD815AB2F69343D0028AE50 /* RootView.swift in Sources */ = {isa = PBXBuildFile; fileRef = BCD815AA2F6934390028AE50 /* RootView.swift */; };
		BCD815AF2F69346D0028AE50 /* MainTabView.swift in Sources */ = {isa = PBXBuildFile; fileRef = BCD815AE2F69346D0028AE50 /* MainTabView.swift */; };
		BCD815B12F6934790028AE50 /* AppState.swift in Sources */ = {isa = PBXBuildFile; fileRef = BCD815B02F6934780028AE50 /* AppState.swift */; };
		BCD8162B2F6936740028AE50 /* User.swift in Sources */ = {isa = PBXBuildFile; fileRef = BCD8162A2F6936700028AE50 /* User.swift */; };
		BCD8162D2F6937940028AE50 /* SnapyButton.swift in Sources */ = {isa = PBXBuildFile; fileRef = BCD8162C2F6937940028AE50 /* SnapyButton.swift */; };
		BCD816BF2F69A8D30028AE50 /* AppleSignInButton.swift in Sources */ = {isa = PBXBuildFile; fileRef = BCD816BE2F69A8D30028AE50 /* AppleSignInButton.swift */; };
		BCD816C12F69AA6B0028AE50 /* AppleLoginButton.swift in Sources */ = {isa = PBXBuildFile; fileRef = BCD816C02F69AA5D0028AE50 /* AppleLoginButton.swift */; };
		BCD816CA2F6A41470028AE50 /* HomeView.swift in Sources */ = {isa = PBXBuildFile; fileRef = BCD816C92F6A41440028AE50 /* HomeView.swift */; };
		BCD816CC2F6A414D0028AE50 /* HomeViewModel.swift in Sources */ = {isa = PBXBuildFile; fileRef = BCD816CB2F6A414A0028AE50 /* HomeViewModel.swift */; };
		BCD816D22F6A416F0028AE50 /* CameraView.swift in Sources */ = {isa = PBXBuildFile; fileRef = BCD816D12F6A416A0028AE50 /* CameraView.swift */; };
		BCD816D42F6A41810028AE50 /* CameraViewModel.swift in Sources */ = {isa = PBXBuildFile; fileRef = BCD816D32F6A417A0028AE50 /* CameraViewModel.swift */; };
		BCD816D62F6A418A0028AE50 /* FriendView.swift in Sources */ = {isa = PBXBuildFile; fileRef = BCD816D52F6A41860028AE50 /* FriendView.swift */; };
		BCD816D82F6A41940028AE50 /* FriendViewModel.swift in Sources */ = {isa = PBXBuildFile; fileRef = BCD816D72F6A418E0028AE50 /* FriendViewModel.swift */; };
		BCD816DA2F6A419C0028AE50 /* ProfileView.swift in Sources */ = {isa = PBXBuildFile; fileRef = BCD816D92F6A41990028AE50 /* ProfileView.swift */; };
		BCD816DC2F6A41A50028AE50 /* ProfileViewModel.swift in Sources */ = {isa = PBXBuildFile; fileRef = BCD816DB2F6A41A00028AE50 /* ProfileViewModel.swift */; };
		BCD816E52F6A437D0028AE50 /* AlbumView.swift in Sources */ = {isa = PBXBuildFile; fileRef = BCD816E42F6A43780028AE50 /* AlbumView.swift */; };
		BCD816E72F6A43860028AE50 /* AlbumViewModel.swift in Sources */ = {isa = PBXBuildFile; fileRef = BCD816E62F6A43800028AE50 /* AlbumViewModel.swift */; };
		BCD816EB2F6A52390028AE50 /* OnboardingView.swift in Sources */ = {isa = PBXBuildFile; fileRef = BCD816EA2F6A52350028AE50 /* OnboardingView.swift */; };
		BCED9C1C2F6E61A9008E47BB /* PhotoPreviewView.swift in Sources */ = {isa = PBXBuildFile; fileRef = BCED9C192F6E61A9008E47BB /* PhotoPreviewView.swift */; };
		BCED9C1E2F6E61A9008E47BB /* CameraPreviewView.swift in Sources */ = {isa = PBXBuildFile; fileRef = BCED9C172F6E61A9008E47BB /* CameraPreviewView.swift */; };
		BCED9C202F6E6215008E47BB /* DualCameraService.swift in Sources */ = {isa = PBXBuildFile; fileRef = BCED9C1F2F6E6214008E47BB /* DualCameraService.swift */; };
		BCED9C222F6E625A008E47BB /* PhotoStore.swift in Sources */ = {isa = PBXBuildFile; fileRef = BCED9C212F6E6259008E47BB /* PhotoStore.swift */; };
/* End PBXBuildFile section */

/* Begin PBXContainerItemProxy section */
		BC5AFECC2F68670100273744 /* PBXContainerItemProxy */ = {
			isa = PBXContainerItemProxy;
			containerPortal = BC5AFEB62F6866FF00273744 /* Project object */;
			proxyType = 1;
			remoteGlobalIDString = BC5AFEBD2F6866FF00273744;
			remoteInfo = SNAPY_iOS;
		};
		BC5AFED62F68670100273744 /* PBXContainerItemProxy */ = {
			isa = PBXContainerItemProxy;
			containerPortal = BC5AFEB62F6866FF00273744 /* Project object */;
			proxyType = 1;
			remoteGlobalIDString = BC5AFEBD2F6866FF00273744;
			remoteInfo = SNAPY_iOS;
		};
/* End PBXContainerItemProxy section */

/* Begin PBXFileReference section */
		BC01001E2F6C5D3C00A85201 /* SignUpHeader.swift */ = {isa = PBXFileReference; lastKnownFileType = sourcecode.swift; path = SignUpHeader.swift; sourceTree = "<group>"; };
		BC01FFA42F6BBA6600A85201 /* SignUpButton.swift */ = {isa = PBXFileReference; lastKnownFileType = sourcecode.swift; path = SignUpButton.swift; sourceTree = "<group>"; };
		BC1DC2CD2F68CF730016A4CD /* Color+Extensions.swift */ = {isa = PBXFileReference; lastKnownFileType = sourcecode.swift; path = "Color+Extensions.swift"; sourceTree = "<group>"; };
		BC1DC2CE2F68CF730016A4CD /* Date+Extensions.swift */ = {isa = PBXFileReference; lastKnownFileType = sourcecode.swift; path = "Date+Extensions.swift"; sourceTree = "<group>"; };
		BC1DC2D22F68CF730016A4CD /* TokenStorage.swift */ = {isa = PBXFileReference; lastKnownFileType = sourcecode.swift; path = TokenStorage.swift; sourceTree = "<group>"; };
		BC1DC2D72F68CF730016A4CD /* AuthDTO.swift */ = {isa = PBXFileReference; lastKnownFileType = sourcecode.swift; path = AuthDTO.swift; sourceTree = "<group>"; };
		BC1DC2DD2F68CF730016A4CD /* AuthAPI.swift */ = {isa = PBXFileReference; lastKnownFileType = sourcecode.swift; path = AuthAPI.swift; sourceTree = "<group>"; };
		BC1DC2E52F68CF730016A4CD /* AuthService.swift */ = {isa = PBXFileReference; lastKnownFileType = sourcecode.swift; path = AuthService.swift; sourceTree = "<group>"; };
		BC1DC2EB2F68CF730016A4CD /* ImagePicker.swift */ = {isa = PBXFileReference; lastKnownFileType = sourcecode.swift; path = ImagePicker.swift; sourceTree = "<group>"; };
		BC5AFEBE2F6866FF00273744 /* SNAPY_iOS.app */ = {isa = PBXFileReference; explicitFileType = wrapper.application; includeInIndex = 0; path = SNAPY_iOS.app; sourceTree = BUILT_PRODUCTS_DIR; };
		BC5AFECB2F68670100273744 /* SNAPY_iOSTests.xctest */ = {isa = PBXFileReference; explicitFileType = wrapper.cfbundle; includeInIndex = 0; path = SNAPY_iOSTests.xctest; sourceTree = BUILT_PRODUCTS_DIR; };
		BC5AFED52F68670100273744 /* SNAPY_iOSUITests.xctest */ = {isa = PBXFileReference; explicitFileType = wrapper.cfbundle; includeInIndex = 0; path = SNAPY_iOSUITests.xctest; sourceTree = BUILT_PRODUCTS_DIR; };
		BC6473722F86AD4700FA15EA /* AlbumDTO.swift */ = {isa = PBXFileReference; lastKnownFileType = sourcecode.swift; path = AlbumDTO.swift; sourceTree = "<group>"; };
		BC6473742F86AD6D00FA15EA /* AlbumService.swift */ = {isa = PBXFileReference; lastKnownFileType = sourcecode.swift; path = AlbumService.swift; sourceTree = "<group>"; };
		BC6473792F86ADD800FA15EA /* AlbumAPI.swift */ = {isa = PBXFileReference; lastKnownFileType = sourcecode.swift; path = AlbumAPI.swift; sourceTree = "<group>"; };
		BC64737C2F86B42600FA15EA /* MoyaProvider.swift */ = {isa = PBXFileReference; lastKnownFileType = sourcecode.swift; path = MoyaProvider.swift; sourceTree = "<group>"; };
		BC6674E42F72F50D009CBF8D /* AlbumHeader.swift */ = {isa = PBXFileReference; lastKnownFileType = sourcecode.swift; path = AlbumHeader.swift; sourceTree = "<group>"; };
		BC6674E62F73A551009CBF8D /* AlbumStrick.swift */ = {isa = PBXFileReference; lastKnownFileType = sourcecode.swift; path = AlbumStrick.swift; sourceTree = "<group>"; };
		BC6674E82F73D22A009CBF8D /* SiginUpViewModel.swift */ = {isa = PBXFileReference; lastKnownFileType = sourcecode.swift; path = SiginUpViewModel.swift; sourceTree = "<group>"; };
		BC66763B2F797A90009CBF8D /* AlbumEmptyCard.swift */ = {isa = PBXFileReference; lastKnownFileType = sourcecode.swift; path = AlbumEmptyCard.swift; sourceTree = "<group>"; };
		BC66763D2F797A99009CBF8D /* AlbumPhotoCard.swift */ = {isa = PBXFileReference; lastKnownFileType = sourcecode.swift; path = AlbumPhotoCard.swift; sourceTree = "<group>"; };
		BC66763F2F797A9E009CBF8D /* AlbumTimeSlotCard.swift */ = {isa = PBXFileReference; lastKnownFileType = sourcecode.swift; path = AlbumTimeSlotCard.swift; sourceTree = "<group>"; };
		BC6676BC2F7D6370009CBF8D /* DraggablePIP.swift */ = {isa = PBXFileReference; lastKnownFileType = sourcecode.swift; path = DraggablePIP.swift; sourceTree = "<group>"; };
		BC6676BF2F7D707C009CBF8D /* AlbumMissCard.swift */ = {isa = PBXFileReference; lastKnownFileType = sourcecode.swift; path = AlbumMissCard.swift; sourceTree = "<group>"; };
		BC6676C82F833C20009CBF8D /* ImageCarousel.swift */ = {isa = PBXFileReference; lastKnownFileType = sourcecode.swift; path = ImageCarousel.swift; sourceTree = "<group>"; };
		BC6676CA2F8405F3009CBF8D /* GuestbookSection.swift */ = {isa = PBXFileReference; lastKnownFileType = sourcecode.swift; path = GuestbookSection.swift; sourceTree = "<group>"; };
		BC6676CC2F840613009CBF8D /* ProfileEditView.swift */ = {isa = PBXFileReference; lastKnownFileType = sourcecode.swift; path = ProfileEditView.swift; sourceTree = "<group>"; };
		BC6676CE2F84062E009CBF8D /* ProfileFeedGrid.swift */ = {isa = PBXFileReference; lastKnownFileType = sourcecode.swift; path = ProfileFeedGrid.swift; sourceTree = "<group>"; };
		BC6676D12F84066B009CBF8D /* ProfileHeaderView.swift */ = {isa = PBXFileReference; lastKnownFileType = sourcecode.swift; path = ProfileHeaderView.swift; sourceTree = "<group>"; };
		BC6676D62F840F6B009CBF8D /* ImageViewerView.swift */ = {isa = PBXFileReference; lastKnownFileType = sourcecode.swift; path = ImageViewerView.swift; sourceTree = "<group>"; };
		BC706DFC2F87C1F80093C0B8 /* AlbumCalendarView.swift */ = {isa = PBXFileReference; lastKnownFileType = sourcecode.swift; path = AlbumCalendarView.swift; sourceTree = "<group>"; };
		BC706DFE2F87FA0C0093C0B8 /* AlbumDateDetailView.swift */ = {isa = PBXFileReference; lastKnownFileType = sourcecode.swift; path = AlbumDateDetailView.swift; sourceTree = "<group>"; };
		BC706E492F8BF9AF0093C0B8 /* ProfileDTO.swift */ = {isa = PBXFileReference; lastKnownFileType = sourcecode.swift; path = ProfileDTO.swift; sourceTree = "<group>"; };
		BC706E4C2F8BF9D80093C0B8 /* ProfileAPI.swift */ = {isa = PBXFileReference; lastKnownFileType = sourcecode.swift; path = ProfileAPI.swift; sourceTree = "<group>"; };
		BC706E4E2F8BF9FF0093C0B8 /* ProfileService.swift */ = {isa = PBXFileReference; lastKnownFileType = sourcecode.swift; path = ProfileService.swift; sourceTree = "<group>"; };
		BC706E502F8CEA440093C0B8 /* SuggestedFriendRow.swift */ = {isa = PBXFileReference; lastKnownFileType = sourcecode.swift; path = SuggestedFriendRow.swift; sourceTree = "<group>"; };
		BC706E522F8CFD700093C0B8 /* FriendHeaderView.swift */ = {isa = PBXFileReference; lastKnownFileType = sourcecode.swift; path = FriendHeaderView.swift; sourceTree = "<group>"; };
		BC706E562F8D096E0093C0B8 /* FriendRequestRow.swift */ = {isa = PBXFileReference; lastKnownFileType = sourcecode.swift; path = FriendRequestRow.swift; sourceTree = "<group>"; };
		BC706E582F8D09940093C0B8 /* FriendRequestView.swift */ = {isa = PBXFileReference; lastKnownFileType = sourcecode.swift; path = FriendRequestView.swift; sourceTree = "<group>"; };
		BC706E5A2F8D396F0093C0B8 /* FriendProfileView.swift */ = {isa = PBXFileReference; lastKnownFileType = sourcecode.swift; path = FriendProfileView.swift; sourceTree = "<group>"; };
		BC706E5C2F8D48280093C0B8 /* FriendRelationSheet.swift */ = {isa = PBXFileReference; lastKnownFileType = sourcecode.swift; path = FriendRelationSheet.swift; sourceTree = "<group>"; };
		BC706E5E2F8DC0E10093C0B8 /* FriendDTO.swift */ = {isa = PBXFileReference; lastKnownFileType = sourcecode.swift; path = FriendDTO.swift; sourceTree = "<group>"; };
		BC706E612F8DC1090093C0B8 /* FriendAPI.swift */ = {isa = PBXFileReference; lastKnownFileType = sourcecode.swift; path = FriendAPI.swift; sourceTree = "<group>"; };
		BC706E632F8DC1330093C0B8 /* FriendService.swift */ = {isa = PBXFileReference; lastKnownFileType = sourcecode.swift; path = FriendService.swift; sourceTree = "<group>"; };
		BC706E672F8DFDD60093C0B8 /* ContactSyncView.swift */ = {isa = PBXFileReference; lastKnownFileType = sourcecode.swift; path = ContactSyncView.swift; sourceTree = "<group>"; };
		BC706E712F8E92100093C0B8 /* FriendListView.swift */ = {isa = PBXFileReference; lastKnownFileType = sourcecode.swift; path = FriendListView.swift; sourceTree = "<group>"; };
		BCCAD5812F6ABB3D00ED71E0 /* SnapyLoginView.swift */ = {isa = PBXFileReference; lastKnownFileType = sourcecode.swift; path = SnapyLoginView.swift; sourceTree = "<group>"; };
		BCCAD5FD2F6ABC2F00ED71E0 /* SnapyTextField.swift */ = {isa = PBXFileReference; lastKnownFileType = sourcecode.swift; path = SnapyTextField.swift; sourceTree = "<group>"; };
		BCCAD6062F6B05EB00ED71E0 /* EmailView.swift */ = {isa = PBXFileReference; lastKnownFileType = sourcecode.swift; path = EmailView.swift; sourceTree = "<group>"; };
		BCCAD60B2F6B061E00ED71E0 /* PasswordView.swift */ = {isa = PBXFileReference; lastKnownFileType = sourcecode.swift; path = PasswordView.swift; sourceTree = "<group>"; };
		BCCAD6102F6B071300ED71E0 /* PhoneView.swift */ = {isa = PBXFileReference; lastKnownFileType = sourcecode.swift; path = PhoneView.swift; sourceTree = "<group>"; };
		BCCAD6732F6B9F6F00ED71E0 /* registerCompleteView.swift */ = {isa = PBXFileReference; lastKnownFileType = sourcecode.swift; path = registerCompleteView.swift; sourceTree = "<group>"; };
		BCCAD6772F6BA33C00ED71E0 /* InfoView.swift */ = {isa = PBXFileReference; lastKnownFileType = sourcecode.swift; path = InfoView.swift; sourceTree = "<group>"; };
		BCD10DAB2F854C8F004CBC29 /* GuestbookFullView.swift */ = {isa = PBXFileReference; lastKnownFileType = sourcecode.swift; path = GuestbookFullView.swift; sourceTree = "<group>"; };
		BCD10DAD2F854CAB004CBC29 /* GuestbookAddView.swift */ = {isa = PBXFileReference; lastKnownFileType = sourcecode.swift; path = GuestbookAddView.swift; sourceTree = "<group>"; };
		BCD815942F69285F0028AE50 /* Assets.xcassets */ = {isa = PBXFileReference; lastKnownFileType = folder.assetcatalog; path = Assets.xcassets; sourceTree = "<group>"; };
		BCD815962F69285F0028AE50 /* SNAPY_iOSApp.swift */ = {isa = PBXFileReference; lastKnownFileType = sourcecode.swift; path = SNAPY_iOSApp.swift; sourceTree = "<group>"; };
		BCD815A22F69294B0028AE50 /* SplashView.swift */ = {isa = PBXFileReference; lastKnownFileType = sourcecode.swift; path = SplashView.swift; sourceTree = "<group>"; };
		BCD815A42F692FA80028AE50 /* LoginView.swift */ = {isa = PBXFileReference; lastKnownFileType = sourcecode.swift; path = LoginView.swift; sourceTree = "<group>"; };
		BCD815A62F692FAE0028AE50 /* LoginViewModel.swift */ = {isa = PBXFileReference; lastKnownFileType = sourcecode.swift; path = LoginViewModel.swift; sourceTree = "<group>"; };
		BCD815AA2F6934390028AE50 /* RootView.swift */ = {isa = PBXFileReference; lastKnownFileType = sourcecode.swift; path = RootView.swift; sourceTree = "<group>"; };
		BCD815AE2F69346D0028AE50 /* MainTabView.swift */ = {isa = PBXFileReference; lastKnownFileType = sourcecode.swift; path = MainTabView.swift; sourceTree = "<group>"; };
		BCD815B02F6934780028AE50 /* AppState.swift */ = {isa = PBXFileReference; lastKnownFileType = sourcecode.swift; path = AppState.swift; sourceTree = "<group>"; };
		BCD8162A2F6936700028AE50 /* User.swift */ = {isa = PBXFileReference; lastKnownFileType = sourcecode.swift; path = User.swift; sourceTree = "<group>"; };
		BCD8162C2F6937940028AE50 /* SnapyButton.swift */ = {isa = PBXFileReference; lastKnownFileType = sourcecode.swift; path = SnapyButton.swift; sourceTree = "<group>"; };
		BCD816BE2F69A8D30028AE50 /* AppleSignInButton.swift */ = {isa = PBXFileReference; lastKnownFileType = sourcecode.swift; path = AppleSignInButton.swift; sourceTree = "<group>"; };
		BCD816C02F69AA5D0028AE50 /* AppleLoginButton.swift */ = {isa = PBXFileReference; lastKnownFileType = sourcecode.swift; path = AppleLoginButton.swift; sourceTree = "<group>"; };
		BCD816C92F6A41440028AE50 /* HomeView.swift */ = {isa = PBXFileReference; lastKnownFileType = sourcecode.swift; path = HomeView.swift; sourceTree = "<group>"; };
		BCD816CB2F6A414A0028AE50 /* HomeViewModel.swift */ = {isa = PBXFileReference; lastKnownFileType = sourcecode.swift; path = HomeViewModel.swift; sourceTree = "<group>"; };
		BCD816D12F6A416A0028AE50 /* CameraView.swift */ = {isa = PBXFileReference; lastKnownFileType = sourcecode.swift; path = CameraView.swift; sourceTree = "<group>"; };
		BCD816D32F6A417A0028AE50 /* CameraViewModel.swift */ = {isa = PBXFileReference; lastKnownFileType = sourcecode.swift; path = CameraViewModel.swift; sourceTree = "<group>"; };
		BCD816D52F6A41860028AE50 /* FriendView.swift */ = {isa = PBXFileReference; lastKnownFileType = sourcecode.swift; path = FriendView.swift; sourceTree = "<group>"; };
		BCD816D72F6A418E0028AE50 /* FriendViewModel.swift */ = {isa = PBXFileReference; lastKnownFileType = sourcecode.swift; path = FriendViewModel.swift; sourceTree = "<group>"; };
		BCD816D92F6A41990028AE50 /* ProfileView.swift */ = {isa = PBXFileReference; lastKnownFileType = sourcecode.swift; path = ProfileView.swift; sourceTree = "<group>"; };
		BCD816DB2F6A41A00028AE50 /* ProfileViewModel.swift */ = {isa = PBXFileReference; lastKnownFileType = sourcecode.swift; path = ProfileViewModel.swift; sourceTree = "<group>"; };
		BCD816E42F6A43780028AE50 /* AlbumView.swift */ = {isa = PBXFileReference; lastKnownFileType = sourcecode.swift; path = AlbumView.swift; sourceTree = "<group>"; };
		BCD816E62F6A43800028AE50 /* AlbumViewModel.swift */ = {isa = PBXFileReference; lastKnownFileType = sourcecode.swift; path = AlbumViewModel.swift; sourceTree = "<group>"; };
		BCD816EA2F6A52350028AE50 /* OnboardingView.swift */ = {isa = PBXFileReference; lastKnownFileType = sourcecode.swift; path = OnboardingView.swift; sourceTree = "<group>"; };
		BCED9C172F6E61A9008E47BB /* CameraPreviewView.swift */ = {isa = PBXFileReference; lastKnownFileType = sourcecode.swift; path = CameraPreviewView.swift; sourceTree = "<group>"; };
		BCED9C192F6E61A9008E47BB /* PhotoPreviewView.swift */ = {isa = PBXFileReference; lastKnownFileType = sourcecode.swift; path = PhotoPreviewView.swift; sourceTree = "<group>"; };
		BCED9C1F2F6E6214008E47BB /* DualCameraService.swift */ = {isa = PBXFileReference; lastKnownFileType = sourcecode.swift; path = DualCameraService.swift; sourceTree = "<group>"; };
		BCED9C212F6E6259008E47BB /* PhotoStore.swift */ = {isa = PBXFileReference; lastKnownFileType = sourcecode.swift; path = PhotoStore.swift; sourceTree = "<group>"; };
/* End PBXFileReference section */

/* Begin PBXFileSystemSynchronizedRootGroup section */
		BC5AFECE2F68670100273744 /* SNAPY_iOSTests */ = {
			isa = PBXFileSystemSynchronizedRootGroup;
			path = SNAPY_iOSTests;
			sourceTree = "<group>";
		};
		BC5AFED82F68670100273744 /* SNAPY_iOSUITests */ = {
			isa = PBXFileSystemSynchronizedRootGroup;
			path = SNAPY_iOSUITests;
			sourceTree = "<group>";
		};
/* End PBXFileSystemSynchronizedRootGroup section */

/* Begin PBXFrameworksBuildPhase section */
		BC5AFEBB2F6866FF00273744 /* Frameworks */ = {
			isa = PBXFrameworksBuildPhase;
			buildActionMask = 2147483647;
			files = (
				BCD8158D2F68DF9B0028AE50 /* Moya in Frameworks */,
				BCD8158B2F68DF9B0028AE50 /* CombineMoya in Frameworks */,
				BCD815912F68DF9B0028AE50 /* RxMoya in Frameworks */,
				BCD8158F2F68DF9B0028AE50 /* ReactiveMoya in Frameworks */,
			);
			runOnlyForDeploymentPostprocessing = 0;
		};
		BC5AFEC82F68670100273744 /* Frameworks */ = {
			isa = PBXFrameworksBuildPhase;
			buildActionMask = 2147483647;
			files = (
			);
			runOnlyForDeploymentPostprocessing = 0;
		};
		BC5AFED22F68670100273744 /* Frameworks */ = {
			isa = PBXFrameworksBuildPhase;
			buildActionMask = 2147483647;
			files = (
			);
			runOnlyForDeploymentPostprocessing = 0;
		};
/* End PBXFrameworksBuildPhase section */

/* Begin PBXGroup section */
		BC1DC2CF2F68CF730016A4CD /* Extension */ = {
			isa = PBXGroup;
			children = (
				BC1DC2CD2F68CF730016A4CD /* Color+Extensions.swift */,
				BC1DC2CE2F68CF730016A4CD /* Date+Extensions.swift */,
			);
			path = Extension;
			sourceTree = "<group>";
		};
		BC1DC2D32F68CF730016A4CD /* Token */ = {
			isa = PBXGroup;
			children = (
				BC1DC2D22F68CF730016A4CD /* TokenStorage.swift */,
			);
			path = Token;
			sourceTree = "<group>";
		};
		BC1DC2DA2F68CF730016A4CD /* DTO */ = {
			isa = PBXGroup;
			children = (
				BC706E5E2F8DC0E10093C0B8 /* FriendDTO.swift */,
				BC706E492F8BF9AF0093C0B8 /* ProfileDTO.swift */,
				BC6473722F86AD4700FA15EA /* AlbumDTO.swift */,
				BC1DC2D72F68CF730016A4CD /* AuthDTO.swift */,
			);
			path = DTO;
			sourceTree = "<group>";
		};
		BC1DC2DE2F68CF730016A4CD /* Auth */ = {
			isa = PBXGroup;
			children = (
				BC1DC2DD2F68CF730016A4CD /* AuthAPI.swift */,
			);
			path = Auth;
			sourceTree = "<group>";
		};
		BC1DC2E12F68CF730016A4CD /* API */ = {
			isa = PBXGroup;
			children = (
				BC706E602F8DC1010093C0B8 /* Friend */,
				BC706E4B2F8BF9C70093C0B8 /* Profile */,
				BC6473762F86ADC300FA15EA /* Album */,
				BC1DC2D32F68CF730016A4CD /* Token */,
				BC1DC2DA2F68CF730016A4CD /* DTO */,
				BC1DC2DE2F68CF730016A4CD /* Auth */,
			);
			path = API;
			sourceTree = "<group>";
		};
		BC1DC2E82F68CF730016A4CD /* Service */ = {
			isa = PBXGroup;
			children = (
				BC706E632F8DC1330093C0B8 /* FriendService.swift */,
				BC706E4E2F8BF9FF0093C0B8 /* ProfileService.swift */,
				BC64737B2F86B41700FA15EA /* MoyaAsync */,
				BC6473742F86AD6D00FA15EA /* AlbumService.swift */,
				BCED9C212F6E6259008E47BB /* PhotoStore.swift */,
				BCED9C1F2F6E6214008E47BB /* DualCameraService.swift */,
				BC1DC2E52F68CF730016A4CD /* AuthService.swift */,
			);
			path = Service;
			sourceTree = "<group>";
		};
		BC1DC2E92F68CF730016A4CD /* Network */ = {
			isa = PBXGroup;
			children = (
				BC1DC2E12F68CF730016A4CD /* API */,
				BC1DC2E82F68CF730016A4CD /* Service */,
			);
			path = Network;
			sourceTree = "<group>";
		};
		BC1DC2EA2F68CF730016A4CD /* Core */ = {
			isa = PBXGroup;
			children = (
				BC1DC2CF2F68CF730016A4CD /* Extension */,
				BC1DC2E92F68CF730016A4CD /* Network */,
			);
			path = Core;
			sourceTree = "<group>";
		};
		BC1DC2EC2F68CF730016A4CD /* Model */ = {
			isa = PBXGroup;
			children = (
				BCD8162A2F6936700028AE50 /* User.swift */,
				BC1DC2EB2F68CF730016A4CD /* ImagePicker.swift */,
				BC1DC2EA2F68CF730016A4CD /* Core */,
			);
			path = Model;
			sourceTree = "<group>";
		};
		BC5AFEB52F6866FF00273744 = {
			isa = PBXGroup;
			children = (
				BCD815972F69285F0028AE50 /* SNAPY_iOS */,
				BC5AFEBF2F6866FF00273744 /* Products */,
				BC5AFECE2F68670100273744 /* SNAPY_iOSTests */,
				BC5AFED82F68670100273744 /* SNAPY_iOSUITests */,
			);
			sourceTree = "<group>";
		};
		BC5AFEBF2F6866FF00273744 /* Products */ = {
			isa = PBXGroup;
			children = (
				BC5AFEBE2F6866FF00273744 /* SNAPY_iOS.app */,
				BC5AFECB2F68670100273744 /* SNAPY_iOSTests.xctest */,
				BC5AFED52F68670100273744 /* SNAPY_iOSUITests.xctest */,
			);
			name = Products;
			sourceTree = "<group>";
		};
		BC6473762F86ADC300FA15EA /* Album */ = {
			isa = PBXGroup;
			children = (
				BC6473792F86ADD800FA15EA /* AlbumAPI.swift */,
			);
			path = Album;
			sourceTree = "<group>";
		};
		BC64737B2F86B41700FA15EA /* MoyaAsync */ = {
			isa = PBXGroup;
			children = (
				BC64737C2F86B42600FA15EA /* MoyaProvider.swift */,
			);
			path = MoyaAsync;
			sourceTree = "<group>";
		};
		BC6676BE2F7D6A9E009CBF8D /* Component */ = {
			isa = PBXGroup;
			children = (
				BC6676BC2F7D6370009CBF8D /* DraggablePIP.swift */,
			);
			path = Component;
			sourceTree = "<group>";
		};
		BC706E4B2F8BF9C70093C0B8 /* Profile */ = {
			isa = PBXGroup;
			children = (
				BC706E4C2F8BF9D80093C0B8 /* ProfileAPI.swift */,
			);
			path = Profile;
			sourceTree = "<group>";
		};
		BC706E602F8DC1010093C0B8 /* Friend */ = {
			isa = PBXGroup;
			children = (
				BC706E612F8DC1090093C0B8 /* FriendAPI.swift */,
			);
			path = Friend;
			sourceTree = "<group>";
		};
		BC706E662F8DFDCD0093C0B8 /* Contact */ = {
			isa = PBXGroup;
			children = (
				BC706E672F8DFDD60093C0B8 /* ContactSyncView.swift */,
			);
			path = Contact;
			sourceTree = "<group>";
		};
		BCCAD6052F6B05E100ED71E0 /* Email */ = {
			isa = PBXGroup;
			children = (
				BCCAD6062F6B05EB00ED71E0 /* EmailView.swift */,
			);
			path = Email;
			sourceTree = "<group>";
		};
		BCCAD60A2F6B061200ED71E0 /* Password */ = {
			isa = PBXGroup;
			children = (
				BCCAD60B2F6B061E00ED71E0 /* PasswordView.swift */,
			);
			path = Password;
			sourceTree = "<group>";
		};
		BCCAD60F2F6B063D00ED71E0 /* Phone */ = {
			isa = PBXGroup;
			children = (
				BCCAD6102F6B071300ED71E0 /* PhoneView.swift */,
			);
			path = Phone;
			sourceTree = "<group>";
		};
		BCCAD6142F6B072800ED71E0 /* Info */ = {
			isa = PBXGroup;
			children = (
				BCCAD6772F6BA33C00ED71E0 /* InfoView.swift */,
			);
			path = Info;
			sourceTree = "<group>";
		};
		BCCAD6722F6B9F6000ED71E0 /* Complete */ = {
			isa = PBXGroup;
			children = (
				BCCAD6732F6B9F6F00ED71E0 /* registerCompleteView.swift */,
			);
			path = Complete;
			sourceTree = "<group>";
		};
		BCD815922F69285F0028AE50 /* App */ = {
			isa = PBXGroup;
			children = (
				BCD815B02F6934780028AE50 /* AppState.swift */,
				BCD815AE2F69346D0028AE50 /* MainTabView.swift */,
				BCD815AA2F6934390028AE50 /* RootView.swift */,
				BCD815962F69285F0028AE50 /* SNAPY_iOSApp.swift */,
			);
			path = App;
			sourceTree = "<group>";
		};
		BCD815932F69285F0028AE50 /* Feature */ = {
			isa = PBXGroup;
			children = (
				BCD816E92F6A52070028AE50 /* Onboarding */,
				BCD816E32F6A43720028AE50 /* Album */,
				BCD815A12F6929330028AE50 /* Splash */,
				BCD815A02F69291E0028AE50 /* Profile */,
				BCD8159F2F6929040028AE50 /* Friend */,
				BCD8159E2F6928F10028AE50 /* Camera */,
				BCD8159D2F6928B40028AE50 /* Home */,
				BCD8159C2F6928AC0028AE50 /* SignUp */,
				BCD8159B2F69289D0028AE50 /* Login */,
			);
			path = Feature;
			sourceTree = "<group>";
		};
		BCD815972F69285F0028AE50 /* SNAPY_iOS */ = {
			isa = PBXGroup;
			children = (
				BCD815922F69285F0028AE50 /* App */,
				BCD815932F69285F0028AE50 /* Feature */,
				BCD815942F69285F0028AE50 /* Assets.xcassets */,
				BC1DC2EC2F68CF730016A4CD /* Model */,
			);
			path = SNAPY_iOS;
			sourceTree = "<group>";
		};
		BCD8159B2F69289D0028AE50 /* Login */ = {
			isa = PBXGroup;
			children = (
				BCCAD5812F6ABB3D00ED71E0 /* SnapyLoginView.swift */,
				BCD815A82F692FC60028AE50 /* Component */,
				BCD815A62F692FAE0028AE50 /* LoginViewModel.swift */,
				BCD815A42F692FA80028AE50 /* LoginView.swift */,
			);
			path = Login;
			sourceTree = "<group>";
		};
		BCD8159C2F6928AC0028AE50 /* SignUp */ = {
			isa = PBXGroup;
			children = (
				BC706E662F8DFDCD0093C0B8 /* Contact */,
				BC6674E82F73D22A009CBF8D /* SiginUpViewModel.swift */,
				BCCAD6722F6B9F6000ED71E0 /* Complete */,
				BCCAD6142F6B072800ED71E0 /* Info */,
				BCCAD60F2F6B063D00ED71E0 /* Phone */,
				BCCAD60A2F6B061200ED71E0 /* Password */,
				BCCAD6052F6B05E100ED71E0 /* Email */,
				BCD816C62F6A40F20028AE50 /* Component */,
			);
			path = SignUp;
			sourceTree = "<group>";
		};
		BCD8159D2F6928B40028AE50 /* Home */ = {
			isa = PBXGroup;
			children = (
				BCD816CD2F6A41500028AE50 /* Component */,
				BCD816CB2F6A414A0028AE50 /* HomeViewModel.swift */,
				BCD816C92F6A41440028AE50 /* HomeView.swift */,
			);
			path = Home;
			sourceTree = "<group>";
		};
		BCD8159E2F6928F10028AE50 /* Camera */ = {
			isa = PBXGroup;
			children = (
				BC6676BE2F7D6A9E009CBF8D /* Component */,
				BCED9C192F6E61A9008E47BB /* PhotoPreviewView.swift */,
				BCED9C172F6E61A9008E47BB /* CameraPreviewView.swift */,
				BCD816D32F6A417A0028AE50 /* CameraViewModel.swift */,
				BCD816D12F6A416A0028AE50 /* CameraView.swift */,
			);
			path = Camera;
			sourceTree = "<group>";
		};
		BCD8159F2F6929040028AE50 /* Friend */ = {
			isa = PBXGroup;
			children = (
				BCD816CF2F6A415A0028AE50 /* Component */,
				BCD816D72F6A418E0028AE50 /* FriendViewModel.swift */,
				BCD816D52F6A41860028AE50 /* FriendView.swift */,
			);
			path = Friend;
			sourceTree = "<group>";
		};
		BCD815A02F69291E0028AE50 /* Profile */ = {
			isa = PBXGroup;
			children = (
				BCD816D02F6A415B0028AE50 /* Component */,
				BCD816DB2F6A41A00028AE50 /* ProfileViewModel.swift */,
				BCD816D92F6A41990028AE50 /* ProfileView.swift */,
			);
			path = Profile;
			sourceTree = "<group>";
		};
		BCD815A12F6929330028AE50 /* Splash */ = {
			isa = PBXGroup;
			children = (
				BCD815A22F69294B0028AE50 /* SplashView.swift */,
			);
			path = Splash;
			sourceTree = "<group>";
		};
		BCD815A82F692FC60028AE50 /* Component */ = {
			isa = PBXGroup;
			children = (
				BC6676C82F833C20009CBF8D /* ImageCarousel.swift */,
				BCD816C02F69AA5D0028AE50 /* AppleLoginButton.swift */,
				BCD816BE2F69A8D30028AE50 /* AppleSignInButton.swift */,
				BCD8162C2F6937940028AE50 /* SnapyButton.swift */,
				BCCAD5FD2F6ABC2F00ED71E0 /* SnapyTextField.swift */,
			);
			path = Component;
			sourceTree = "<group>";
		};
		BCD816C62F6A40F20028AE50 /* Component */ = {
			isa = PBXGroup;
			children = (
				BC01001E2F6C5D3C00A85201 /* SignUpHeader.swift */,
				BC01FFA42F6BBA6600A85201 /* SignUpButton.swift */,
			);
			path = Component;
			sourceTree = "<group>";
		};
		BCD816CD2F6A41500028AE50 /* Component */ = {
			isa = PBXGroup;
			children = (
			);
			path = Component;
			sourceTree = "<group>";
		};
		BCD816CF2F6A415A0028AE50 /* Component */ = {
			isa = PBXGroup;
			children = (
				BC706E5C2F8D48280093C0B8 /* FriendRelationSheet.swift */,
				BC706E5A2F8D396F0093C0B8 /* FriendProfileView.swift */,
				BC706E582F8D09940093C0B8 /* FriendRequestView.swift */,
				BC706E562F8D096E0093C0B8 /* FriendRequestRow.swift */,
				BC706E522F8CFD700093C0B8 /* FriendHeaderView.swift */,
				BC706E502F8CEA440093C0B8 /* SuggestedFriendRow.swift */,
			);
			path = Component;
			sourceTree = "<group>";
		};
		BCD816D02F6A415B0028AE50 /* Component */ = {
			isa = PBXGroup;
			children = (
				BC706E712F8E92100093C0B8 /* FriendListView.swift */,
				BCD10DAD2F854CAB004CBC29 /* GuestbookAddView.swift */,
				BCD10DAB2F854C8F004CBC29 /* GuestbookFullView.swift */,
				BC6676D62F840F6B009CBF8D /* ImageViewerView.swift */,
				BC6676D12F84066B009CBF8D /* ProfileHeaderView.swift */,
				BC6676CE2F84062E009CBF8D /* ProfileFeedGrid.swift */,
				BC6676CC2F840613009CBF8D /* ProfileEditView.swift */,
				BC6676CA2F8405F3009CBF8D /* GuestbookSection.swift */,
			);
			path = Component;
			sourceTree = "<group>";
		};
		BCD816E32F6A43720028AE50 /* Album */ = {
			isa = PBXGroup;
			children = (
				BCD816E82F6A43890028AE50 /* Component */,
				BCD816E62F6A43800028AE50 /* AlbumViewModel.swift */,
				BCD816E42F6A43780028AE50 /* AlbumView.swift */,
			);
			path = Album;
			sourceTree = "<group>";
		};
		BCD816E82F6A43890028AE50 /* Component */ = {
			isa = PBXGroup;
			children = (
				BC706DFE2F87FA0C0093C0B8 /* AlbumDateDetailView.swift */,
				BC706DFC2F87C1F80093C0B8 /* AlbumCalendarView.swift */,
				BC6676BF2F7D707C009CBF8D /* AlbumMissCard.swift */,
				BC6674E62F73A551009CBF8D /* AlbumStrick.swift */,
				BC6674E42F72F50D009CBF8D /* AlbumHeader.swift */,
				BC66763B2F797A90009CBF8D /* AlbumEmptyCard.swift */,
				BC66763D2F797A99009CBF8D /* AlbumPhotoCard.swift */,
				BC66763F2F797A9E009CBF8D /* AlbumTimeSlotCard.swift */,
			);
			path = Component;
			sourceTree = "<group>";
		};
		BCD816E92F6A52070028AE50 /* Onboarding */ = {
			isa = PBXGroup;
			children = (
				BCD816EA2F6A52350028AE50 /* OnboardingView.swift */,
			);
			path = Onboarding;
			sourceTree = "<group>";
		};
/* End PBXGroup section */

/* Begin PBXNativeTarget section */
		BC5AFEBD2F6866FF00273744 /* SNAPY_iOS */ = {
			isa = PBXNativeTarget;
			buildConfigurationList = BC5AFEDF2F68670100273744 /* Build configuration list for PBXNativeTarget "SNAPY_iOS" */;
			buildPhases = (
				BC5AFEBA2F6866FF00273744 /* Sources */,
				BC5AFEBB2F6866FF00273744 /* Frameworks */,
				BC5AFEBC2F6866FF00273744 /* Resources */,
			);
			buildRules = (
			);
			dependencies = (
			);
			name = SNAPY_iOS;
			packageProductDependencies = (
				BCD8158A2F68DF9B0028AE50 /* CombineMoya */,
				BCD8158C2F68DF9B0028AE50 /* Moya */,
				BCD8158E2F68DF9B0028AE50 /* ReactiveMoya */,
				BCD815902F68DF9B0028AE50 /* RxMoya */,
			);
			productName = SNAPY_iOS;
			productReference = BC5AFEBE2F6866FF00273744 /* SNAPY_iOS.app */;
			productType = "com.apple.product-type.application";
		};
		BC5AFECA2F68670100273744 /* SNAPY_iOSTests */ = {
			isa = PBXNativeTarget;
			buildConfigurationList = BC5AFEE22F68670100273744 /* Build configuration list for PBXNativeTarget "SNAPY_iOSTests" */;
			buildPhases = (
				BC5AFEC72F68670100273744 /* Sources */,
				BC5AFEC82F68670100273744 /* Frameworks */,
				BC5AFEC92F68670100273744 /* Resources */,
			);
			buildRules = (
			);
			dependencies = (
				BC5AFECD2F68670100273744 /* PBXTargetDependency */,
			);
			fileSystemSynchronizedGroups = (
				BC5AFECE2F68670100273744 /* SNAPY_iOSTests */,
			);
			name = SNAPY_iOSTests;
			packageProductDependencies = (
			);
			productName = SNAPY_iOSTests;
			productReference = BC5AFECB2F68670100273744 /* SNAPY_iOSTests.xctest */;
			productType = "com.apple.product-type.bundle.unit-test";
		};
		BC5AFED42F68670100273744 /* SNAPY_iOSUITests */ = {
			isa = PBXNativeTarget;
			buildConfigurationList = BC5AFEE52F68670100273744 /* Build configuration list for PBXNativeTarget "SNAPY_iOSUITests" */;
			buildPhases = (
				BC5AFED12F68670100273744 /* Sources */,
				BC5AFED22F68670100273744 /* Frameworks */,
				BC5AFED32F68670100273744 /* Resources */,
			);
			buildRules = (
			);
			dependencies = (
				BC5AFED72F68670100273744 /* PBXTargetDependency */,
			);
			fileSystemSynchronizedGroups = (
				BC5AFED82F68670100273744 /* SNAPY_iOSUITests */,
			);
			name = SNAPY_iOSUITests;
			packageProductDependencies = (
			);
			productName = SNAPY_iOSUITests;
			productReference = BC5AFED52F68670100273744 /* SNAPY_iOSUITests.xctest */;
			productType = "com.apple.product-type.bundle.ui-testing";
		};
/* End PBXNativeTarget section */

/* Begin PBXProject section */
		BC5AFEB62F6866FF00273744 /* Project object */ = {
			isa = PBXProject;
			attributes = {
				BuildIndependentTargetsInParallel = 1;
				LastSwiftUpdateCheck = 2600;
				LastUpgradeCheck = 2600;
				TargetAttributes = {
					BC5AFEBD2F6866FF00273744 = {
						CreatedOnToolsVersion = 26.0;
					};
					BC5AFECA2F68670100273744 = {
						CreatedOnToolsVersion = 26.0;
						TestTargetID = BC5AFEBD2F6866FF00273744;
					};
					BC5AFED42F68670100273744 = {
						CreatedOnToolsVersion = 26.0;
						TestTargetID = BC5AFEBD2F6866FF00273744;
					};
				};
			};
			buildConfigurationList = BC5AFEB92F6866FF00273744 /* Build configuration list for PBXProject "SNAPY_iOS" */;
			developmentRegion = en;
			hasScannedForEncodings = 0;
			knownRegions = (
				en,
				Base,
			);
			mainGroup = BC5AFEB52F6866FF00273744;
			minimizedProjectReferenceProxies = 1;
			packageReferences = (
				BCD815892F68DF9B0028AE50 /* XCRemoteSwiftPackageReference "Moya" */,
			);
			preferredProjectObjectVersion = 77;
			productRefGroup = BC5AFEBF2F6866FF00273744 /* Products */;
			projectDirPath = "";
			projectRoot = "";
			targets = (
				BC5AFEBD2F6866FF00273744 /* SNAPY_iOS */,
				BC5AFECA2F68670100273744 /* SNAPY_iOSTests */,
				BC5AFED42F68670100273744 /* SNAPY_iOSUITests */,
			);
		};
/* End PBXProject section */

/* Begin PBXResourcesBuildPhase section */
		BC5AFEBC2F6866FF00273744 /* Resources */ = {
			isa = PBXResourcesBuildPhase;
			buildActionMask = 2147483647;
			files = (
				BCD815982F69285F0028AE50 /* Assets.xcassets in Resources */,
			);
			runOnlyForDeploymentPostprocessing = 0;
		};
		BC5AFEC92F68670100273744 /* Resources */ = {
			isa = PBXResourcesBuildPhase;
			buildActionMask = 2147483647;
			files = (
			);
			runOnlyForDeploymentPostprocessing = 0;
		};
		BC5AFED32F68670100273744 /* Resources */ = {
			isa = PBXResourcesBuildPhase;
			buildActionMask = 2147483647;
			files = (
			);
			runOnlyForDeploymentPostprocessing = 0;
		};
/* End PBXResourcesBuildPhase section */

/* Begin PBXSourcesBuildPhase section */
		BC5AFEBA2F6866FF00273744 /* Sources */ = {
			isa = PBXSourcesBuildPhase;
			buildActionMask = 2147483647;
			files = (
				BC1DC2EE2F68CF730016A4CD /* TokenStorage.swift in Sources */,
				BCD815A32F6929550028AE50 /* SplashView.swift in Sources */,
				BC6674E72F73A564009CBF8D /* AlbumStrick.swift in Sources */,
				BCD816DC2F6A41A50028AE50 /* ProfileViewModel.swift in Sources */,
				BC6676CD2F840615009CBF8D /* ProfileEditView.swift in Sources */,
				BC1DC2F12F68CF730016A4CD /* Color+Extensions.swift in Sources */,
				BCCAD60C2F6B062F00ED71E0 /* PasswordView.swift in Sources */,
				BCD815AF2F69346D0028AE50 /* MainTabView.swift in Sources */,
				BC706E5F2F8DC0E20093C0B8 /* FriendDTO.swift in Sources */,
				BC706E682F8DFDD70093C0B8 /* ContactSyncView.swift in Sources */,
				BC64737A2F86ADDA00FA15EA /* AlbumAPI.swift in Sources */,
				BCCAD6072F6B060300ED71E0 /* EmailView.swift in Sources */,
				BC706DFF2F87FA0E0093C0B8 /* AlbumDateDetailView.swift in Sources */,
				BCCAD6112F6B071700ED71E0 /* PhoneView.swift in Sources */,
				BC6676D42F8406D1009CBF8D /* ProfileHeaderView.swift in Sources */,
				BCD816BF2F69A8D30028AE50 /* AppleSignInButton.swift in Sources */,
				BCED9C222F6E625A008E47BB /* PhotoStore.swift in Sources */,
				BC6676402F797A9E009CBF8D /* AlbumTimeSlotCard.swift in Sources */,
				BCD10DAC2F854C94004CBC29 /* GuestbookFullView.swift in Sources */,
				BC706E5B2F8D39700093C0B8 /* FriendProfileView.swift in Sources */,
				BCCAD5822F6ABB4B00ED71E0 /* SnapyLoginView.swift in Sources */,
				BC66763E2F797A99009CBF8D /* AlbumPhotoCard.swift in Sources */,
				BCD816CC2F6A414D0028AE50 /* HomeViewModel.swift in Sources */,
				BCD816D62F6A418A0028AE50 /* FriendView.swift in Sources */,
				BCD816CA2F6A41470028AE50 /* HomeView.swift in Sources */,
				BC01FFA52F6BBA6600A85201 /* SignUpButton.swift in Sources */,
				BCD816C12F69AA6B0028AE50 /* AppleLoginButton.swift in Sources */,
				BC6676D52F8406EB009CBF8D /* ProfileFeedGrid.swift in Sources */,
				BCD816D22F6A416F0028AE50 /* CameraView.swift in Sources */,
				BC706E722F8E92110093C0B8 /* FriendListView.swift in Sources */,
				BCD815AB2F69343D0028AE50 /* RootView.swift in Sources */,
				BC706E4D2F8BF9D90093C0B8 /* ProfileAPI.swift in Sources */,
				BCD816D82F6A41940028AE50 /* FriendViewModel.swift in Sources */,
				BC706E5D2F8D482C0093C0B8 /* FriendRelationSheet.swift in Sources */,
				BC6473752F86AD6E00FA15EA /* AlbumService.swift in Sources */,
				BCD816EB2F6A52390028AE50 /* OnboardingView.swift in Sources */,
				BC706E642F8DC1350093C0B8 /* FriendService.swift in Sources */,
				BCD816DA2F6A419C0028AE50 /* ProfileView.swift in Sources */,
				BCD816E72F6A43860028AE50 /* AlbumViewModel.swift in Sources */,
				BCED9C202F6E6215008E47BB /* DualCameraService.swift in Sources */,
				BC706E4F2F8BFA050093C0B8 /* ProfileService.swift in Sources */,
				BCD815B12F6934790028AE50 /* AppState.swift in Sources */,
				BCD8159A2F69285F0028AE50 /* SNAPY_iOSApp.swift in Sources */,
				BC1DC2F22F68CF730016A4CD /* AuthAPI.swift in Sources */,
				BCD815A52F692FAB0028AE50 /* LoginView.swift in Sources */,
				BC6674E92F73D231009CBF8D /* SiginUpViewModel.swift in Sources */,
				BC01001F2F6C5D4200A85201 /* SignUpHeader.swift in Sources */,
				BC706E592F8D09950093C0B8 /* FriendRequestView.swift in Sources */,
				BC706E512F8CEA450093C0B8 /* SuggestedFriendRow.swift in Sources */,
				BCD816E52F6A437D0028AE50 /* AlbumView.swift in Sources */,
				BCD10DB02F854CDA004CBC29 /* GuestbookAddView.swift in Sources */,
				BC706E622F8DC1100093C0B8 /* FriendAPI.swift in Sources */,
				BCD8162D2F6937940028AE50 /* SnapyButton.swift in Sources */,
				BC6676D72F840F70009CBF8D /* ImageViewerView.swift in Sources */,
				BCD815A72F692FB50028AE50 /* LoginViewModel.swift in Sources */,
				BC6473732F86AD4900FA15EA /* AlbumDTO.swift in Sources */,
				BC6676C92F833C2B009CBF8D /* ImageCarousel.swift in Sources */,
				BC6676C02F7D7086009CBF8D /* AlbumMissCard.swift in Sources */,
				BC6674E52F72F50D009CBF8D /* AlbumHeader.swift in Sources */,
				BC706E572F8D096F0093C0B8 /* FriendRequestRow.swift in Sources */,
				BCED9C1C2F6E61A9008E47BB /* PhotoPreviewView.swift in Sources */,
				BCED9C1E2F6E61A9008E47BB /* CameraPreviewView.swift in Sources */,
				BC706E552F8CFDA30093C0B8 /* FriendHeaderView.swift in Sources */,
				BC1DC2FB2F68CF730016A4CD /* AuthService.swift in Sources */,
				BCCAD6782F6BA34400ED71E0 /* InfoView.swift in Sources */,
				BC6676BD2F7D6370009CBF8D /* DraggablePIP.swift in Sources */,
				BCCAD6742F6B9F7500ED71E0 /* registerCompleteView.swift in Sources */,
				BC706DFD2F87C1FA0093C0B8 /* AlbumCalendarView.swift in Sources */,
				BCD8162B2F6936740028AE50 /* User.swift in Sources */,
				BCCAD5FE2F6ABC3000ED71E0 /* SnapyTextField.swift in Sources */,
				BC1DC2FC2F68CF730016A4CD /* Date+Extensions.swift in Sources */,
				BC1DC2FE2F68CF730016A4CD /* ImagePicker.swift in Sources */,
				BC64737D2F86B42C00FA15EA /* MoyaProvider.swift in Sources */,
				BCD816D42F6A41810028AE50 /* CameraViewModel.swift in Sources */,
				BC1DC2FF2F68CF730016A4CD /* AuthDTO.swift in Sources */,
				BC706E4A2F8BF9B00093C0B8 /* ProfileDTO.swift in Sources */,
				BC66763C2F797A90009CBF8D /* AlbumEmptyCard.swift in Sources */,
				BC6676CB2F8405F8009CBF8D /* GuestbookSection.swift in Sources */,
			);
			runOnlyForDeploymentPostprocessing = 0;
		};
		BC5AFEC72F68670100273744 /* Sources */ = {
			isa = PBXSourcesBuildPhase;
			buildActionMask = 2147483647;
			files = (
			);
			runOnlyForDeploymentPostprocessing = 0;
		};
		BC5AFED12F68670100273744 /* Sources */ = {
			isa = PBXSourcesBuildPhase;
			buildActionMask = 2147483647;
			files = (
			);
			runOnlyForDeploymentPostprocessing = 0;
		};
/* End PBXSourcesBuildPhase section */

/* Begin PBXTargetDependency section */
		BC5AFECD2F68670100273744 /* PBXTargetDependency */ = {
			isa = PBXTargetDependency;
			target = BC5AFEBD2F6866FF00273744 /* SNAPY_iOS */;
			targetProxy = BC5AFECC2F68670100273744 /* PBXContainerItemProxy */;
		};
		BC5AFED72F68670100273744 /* PBXTargetDependency */ = {
			isa = PBXTargetDependency;
			target = BC5AFEBD2F6866FF00273744 /* SNAPY_iOS */;
			targetProxy = BC5AFED62F68670100273744 /* PBXContainerItemProxy */;
		};
/* End PBXTargetDependency section */

/* Begin XCBuildConfiguration section */
		BC5AFEDD2F68670100273744 /* Debug */ = {
			isa = XCBuildConfiguration;
			buildSettings = {
				ALWAYS_SEARCH_USER_PATHS = NO;
				ASSETCATALOG_COMPILER_GENERATE_SWIFT_ASSET_SYMBOL_EXTENSIONS = YES;
				CLANG_ANALYZER_NONNULL = YES;
				CLANG_ANALYZER_NUMBER_OBJECT_CONVERSION = YES_AGGRESSIVE;
				CLANG_CXX_LANGUAGE_STANDARD = "gnu++20";
				CLANG_ENABLE_MODULES = YES;
				CLANG_ENABLE_OBJC_ARC = YES;
				CLANG_ENABLE_OBJC_WEAK = YES;
				CLANG_WARN_BLOCK_CAPTURE_AUTORELEASING = YES;
				CLANG_WARN_BOOL_CONVERSION = YES;
				CLANG_WARN_COMMA = YES;
				CLANG_WARN_CONSTANT_CONVERSION = YES;
				CLANG_WARN_DEPRECATED_OBJC_IMPLEMENTATIONS = YES;
				CLANG_WARN_DIRECT_OBJC_ISA_USAGE = YES_ERROR;
				CLANG_WARN_DOCUMENTATION_COMMENTS = YES;
				CLANG_WARN_EMPTY_BODY = YES;
				CLANG_WARN_ENUM_CONVERSION = YES;
				CLANG_WARN_INFINITE_RECURSION = YES;
				CLANG_WARN_INT_CONVERSION = YES;
				CLANG_WARN_NON_LITERAL_NULL_CONVERSION = YES;
				CLANG_WARN_OBJC_IMPLICIT_RETAIN_SELF = YES;
				CLANG_WARN_OBJC_LITERAL_CONVERSION = YES;
				CLANG_WARN_OBJC_ROOT_CLASS = YES_ERROR;
				CLANG_WARN_QUOTED_INCLUDE_IN_FRAMEWORK_HEADER = YES;
				CLANG_WARN_RANGE_LOOP_ANALYSIS = YES;
				CLANG_WARN_STRICT_PROTOTYPES = YES;
				CLANG_WARN_SUSPICIOUS_MOVE = YES;
				CLANG_WARN_UNGUARDED_AVAILABILITY = YES_AGGRESSIVE;
				CLANG_WARN_UNREACHABLE_CODE = YES;
				CLANG_WARN__DUPLICATE_METHOD_MATCH = YES;
				COPY_PHASE_STRIP = NO;
				DEBUG_INFORMATION_FORMAT = dwarf;
				DEVELOPMENT_TEAM = QLF22M2925;
				ENABLE_STRICT_OBJC_MSGSEND = YES;
				ENABLE_TESTABILITY = YES;
				ENABLE_USER_SCRIPT_SANDBOXING = YES;
				GCC_C_LANGUAGE_STANDARD = gnu17;
				GCC_DYNAMIC_NO_PIC = NO;
				GCC_NO_COMMON_BLOCKS = YES;
				GCC_OPTIMIZATION_LEVEL = 0;
				GCC_PREPROCESSOR_DEFINITIONS = (
					"DEBUG=1",
					"$(inherited)",
				);
				GCC_WARN_64_TO_32_BIT_CONVERSION = YES;
				GCC_WARN_ABOUT_RETURN_TYPE = YES_ERROR;
				GCC_WARN_UNDECLARED_SELECTOR = YES;
				GCC_WARN_UNINITIALIZED_AUTOS = YES_AGGRESSIVE;
				GCC_WARN_UNUSED_FUNCTION = YES;
				GCC_WARN_UNUSED_VARIABLE = YES;
				IPHONEOS_DEPLOYMENT_TARGET = 26.0;
				LOCALIZATION_PREFERS_STRING_CATALOGS = YES;
				MTL_ENABLE_DEBUG_INFO = INCLUDE_SOURCE;
				MTL_FAST_MATH = YES;
				ONLY_ACTIVE_ARCH = YES;
				SDKROOT = iphoneos;
				SWIFT_ACTIVE_COMPILATION_CONDITIONS = "DEBUG $(inherited)";
				SWIFT_OPTIMIZATION_LEVEL = "-Onone";
			};
			name = Debug;
		};
		BC5AFEDE2F68670100273744 /* Release */ = {
			isa = XCBuildConfiguration;
			buildSettings = {
				ALWAYS_SEARCH_USER_PATHS = NO;
				ASSETCATALOG_COMPILER_GENERATE_SWIFT_ASSET_SYMBOL_EXTENSIONS = YES;
				CLANG_ANALYZER_NONNULL = YES;
				CLANG_ANALYZER_NUMBER_OBJECT_CONVERSION = YES_AGGRESSIVE;
				CLANG_CXX_LANGUAGE_STANDARD = "gnu++20";
				CLANG_ENABLE_MODULES = YES;
				CLANG_ENABLE_OBJC_ARC = YES;
				CLANG_ENABLE_OBJC_WEAK = YES;
				CLANG_WARN_BLOCK_CAPTURE_AUTORELEASING = YES;
				CLANG_WARN_BOOL_CONVERSION = YES;
				CLANG_WARN_COMMA = YES;
				CLANG_WARN_CONSTANT_CONVERSION = YES;
				CLANG_WARN_DEPRECATED_OBJC_IMPLEMENTATIONS = YES;
				CLANG_WARN_DIRECT_OBJC_ISA_USAGE = YES_ERROR;
				CLANG_WARN_DOCUMENTATION_COMMENTS = YES;
				CLANG_WARN_EMPTY_BODY = YES;
				CLANG_WARN_ENUM_CONVERSION = YES;
				CLANG_WARN_INFINITE_RECURSION = YES;
				CLANG_WARN_INT_CONVERSION = YES;
				CLANG_WARN_NON_LITERAL_NULL_CONVERSION = YES;
				CLANG_WARN_OBJC_IMPLICIT_RETAIN_SELF = YES;
				CLANG_WARN_OBJC_LITERAL_CONVERSION = YES;
				CLANG_WARN_OBJC_ROOT_CLASS = YES_ERROR;
				CLANG_WARN_QUOTED_INCLUDE_IN_FRAMEWORK_HEADER = YES;
				CLANG_WARN_RANGE_LOOP_ANALYSIS = YES;
				CLANG_WARN_STRICT_PROTOTYPES = YES;
				CLANG_WARN_SUSPICIOUS_MOVE = YES;
				CLANG_WARN_UNGUARDED_AVAILABILITY = YES_AGGRESSIVE;
				CLANG_WARN_UNREACHABLE_CODE = YES;
				CLANG_WARN__DUPLICATE_METHOD_MATCH = YES;
				COPY_PHASE_STRIP = NO;
				DEBUG_INFORMATION_FORMAT = "dwarf-with-dsym";
				DEVELOPMENT_TEAM = QLF22M2925;
				ENABLE_NS_ASSERTIONS = NO;
				ENABLE_STRICT_OBJC_MSGSEND = YES;
				ENABLE_USER_SCRIPT_SANDBOXING = YES;
				GCC_C_LANGUAGE_STANDARD = gnu17;
				GCC_NO_COMMON_BLOCKS = YES;
				GCC_WARN_64_TO_32_BIT_CONVERSION = YES;
				GCC_WARN_ABOUT_RETURN_TYPE = YES_ERROR;
				GCC_WARN_UNDECLARED_SELECTOR = YES;
				GCC_WARN_UNINITIALIZED_AUTOS = YES_AGGRESSIVE;
				GCC_WARN_UNUSED_FUNCTION = YES;
				GCC_WARN_UNUSED_VARIABLE = YES;
				IPHONEOS_DEPLOYMENT_TARGET = 26.0;
				LOCALIZATION_PREFERS_STRING_CATALOGS = YES;
				MTL_ENABLE_DEBUG_INFO = NO;
				MTL_FAST_MATH = YES;
				SDKROOT = iphoneos;
				SWIFT_COMPILATION_MODE = wholemodule;
				VALIDATE_PRODUCT = YES;
			};
			name = Release;
		};
		BC5AFEE02F68670100273744 /* Debug */ = {
			isa = XCBuildConfiguration;
			buildSettings = {
				ASSETCATALOG_COMPILER_APPICON_NAME = AppIcon;
				ASSETCATALOG_COMPILER_GLOBAL_ACCENT_COLOR_NAME = AccentColor;
				CODE_SIGN_IDENTITY = "Apple Development";
				CODE_SIGN_STYLE = Automatic;
				CURRENT_PROJECT_VERSION = 1;
				DEVELOPMENT_TEAM = QLF22M2925;
				ENABLE_PREVIEWS = YES;
				GENERATE_INFOPLIST_FILE = YES;
				INFOPLIST_FILE = "SNAPY-iOS-Info.plist";
				INFOPLIST_KEY_NSCameraUsageDescription = "앱에서 사진을 촬영하기 위해 카메라 사용 권한이 필요합니다.";
				INFOPLIST_KEY_NSContactsUsageDescription = "친구를 찾기 위해 연락처에 접근합니다.";
				INFOPLIST_KEY_UIApplicationSceneManifest_Generation = YES;
				INFOPLIST_KEY_UIApplicationSupportsIndirectInputEvents = YES;
				INFOPLIST_KEY_UILaunchScreen_Generation = YES;
				INFOPLIST_KEY_UISupportedInterfaceOrientations_iPad = "UIInterfaceOrientationPortrait UIInterfaceOrientationPortraitUpsideDown UIInterfaceOrientationLandscapeLeft UIInterfaceOrientationLandscapeRight";
				INFOPLIST_KEY_UISupportedInterfaceOrientations_iPhone = "UIInterfaceOrientationPortrait UIInterfaceOrientationLandscapeLeft UIInterfaceOrientationLandscapeRight";
				INFOPLIST_KEY_UIUserInterfaceStyle = Dark;
				LD_RUNPATH_SEARCH_PATHS = (
					"$(inherited)",
					"@executable_path/Frameworks",
				);
				MARKETING_VERSION = 1.1;
				PRODUCT_BUNDLE_IDENTIFIER = com.messiofcoding.snapy;
				PRODUCT_NAME = "$(TARGET_NAME)";
				PROVISIONING_PROFILE_SPECIFIER = "";
				STRING_CATALOG_GENERATE_SYMBOLS = YES;
				SUPPORTED_PLATFORMS = "iphoneos iphonesimulator";
				SUPPORTS_MACCATALYST = NO;
				SUPPORTS_MAC_DESIGNED_FOR_IPHONE_IPAD = NO;
				SUPPORTS_XR_DESIGNED_FOR_IPHONE_IPAD = NO;
				SWIFT_APPROACHABLE_CONCURRENCY = YES;
				SWIFT_DEFAULT_ACTOR_ISOLATION = MainActor;
				SWIFT_EMIT_LOC_STRINGS = YES;
				SWIFT_UPCOMING_FEATURE_MEMBER_IMPORT_VISIBILITY = YES;
				SWIFT_VERSION = 5.0;
				TARGETED_DEVICE_FAMILY = 1;
			};
			name = Debug;
		};
		BC5AFEE12F68670100273744 /* Release */ = {
			isa = XCBuildConfiguration;
			buildSettings = {
				ASSETCATALOG_COMPILER_APPICON_NAME = AppIcon;
				ASSETCATALOG_COMPILER_GLOBAL_ACCENT_COLOR_NAME = AccentColor;
				CODE_SIGN_IDENTITY = "Apple Development";
				CODE_SIGN_STYLE = Automatic;
				CURRENT_PROJECT_VERSION = 1;
				DEVELOPMENT_TEAM = QLF22M2925;
				ENABLE_PREVIEWS = YES;
				GENERATE_INFOPLIST_FILE = YES;
				INFOPLIST_FILE = "SNAPY-iOS-Info.plist";
				INFOPLIST_KEY_NSCameraUsageDescription = "앱에서 사진을 촬영하기 위해 카메라 사용 권한이 필요합니다.";
				INFOPLIST_KEY_NSContactsUsageDescription = "친구를 찾기 위해 연락처에 접근합니다.";
				INFOPLIST_KEY_UIApplicationSceneManifest_Generation = YES;
				INFOPLIST_KEY_UIApplicationSupportsIndirectInputEvents = YES;
				INFOPLIST_KEY_UILaunchScreen_Generation = YES;
				INFOPLIST_KEY_UISupportedInterfaceOrientations_iPad = "UIInterfaceOrientationPortrait UIInterfaceOrientationPortraitUpsideDown UIInterfaceOrientationLandscapeLeft UIInterfaceOrientationLandscapeRight";
				INFOPLIST_KEY_UISupportedInterfaceOrientations_iPhone = "UIInterfaceOrientationPortrait UIInterfaceOrientationLandscapeLeft UIInterfaceOrientationLandscapeRight";
				INFOPLIST_KEY_UIUserInterfaceStyle = Dark;
				LD_RUNPATH_SEARCH_PATHS = (
					"$(inherited)",
					"@executable_path/Frameworks",
				);
				MARKETING_VERSION = 1.1;
				PRODUCT_BUNDLE_IDENTIFIER = com.messiofcoding.snapy;
				PRODUCT_NAME = "$(TARGET_NAME)";
				PROVISIONING_PROFILE_SPECIFIER = "";
				STRING_CATALOG_GENERATE_SYMBOLS = YES;
				SUPPORTED_PLATFORMS = "iphoneos iphonesimulator";
				SUPPORTS_MACCATALYST = NO;
				SUPPORTS_MAC_DESIGNED_FOR_IPHONE_IPAD = NO;
				SUPPORTS_XR_DESIGNED_FOR_IPHONE_IPAD = NO;
				SWIFT_APPROACHABLE_CONCURRENCY = YES;
				SWIFT_DEFAULT_ACTOR_ISOLATION = MainActor;
				SWIFT_EMIT_LOC_STRINGS = YES;
				SWIFT_UPCOMING_FEATURE_MEMBER_IMPORT_VISIBILITY = YES;
				SWIFT_VERSION = 5.0;
				TARGETED_DEVICE_FAMILY = 1;
			};
			name = Release;
		};
		BC5AFEE32F68670100273744 /* Debug */ = {
			isa = XCBuildConfiguration;
			buildSettings = {
				BUNDLE_LOADER = "$(TEST_HOST)";
				CODE_SIGN_STYLE = Automatic;
				CURRENT_PROJECT_VERSION = 1;
				DEVELOPMENT_TEAM = QLF22M2925;
				GENERATE_INFOPLIST_FILE = YES;
				IPHONEOS_DEPLOYMENT_TARGET = 26.0;
				MARKETING_VERSION = 1.0;
				PRODUCT_BUNDLE_IDENTIFIER = "ListNavDemo.SNAPY-iOSTests";
				PRODUCT_NAME = "$(TARGET_NAME)";
				STRING_CATALOG_GENERATE_SYMBOLS = NO;
				SWIFT_APPROACHABLE_CONCURRENCY = YES;
				SWIFT_EMIT_LOC_STRINGS = NO;
				SWIFT_UPCOMING_FEATURE_MEMBER_IMPORT_VISIBILITY = YES;
				SWIFT_VERSION = 5.0;
				TARGETED_DEVICE_FAMILY = "1,2";
				TEST_HOST = "$(BUILT_PRODUCTS_DIR)/SNAPY_iOS.app/$(BUNDLE_EXECUTABLE_FOLDER_PATH)/SNAPY_iOS";
			};
			name = Debug;
		};
		BC5AFEE42F68670100273744 /* Release */ = {
			isa = XCBuildConfiguration;
			buildSettings = {
				BUNDLE_LOADER = "$(TEST_HOST)";
				CODE_SIGN_STYLE = Automatic;
				CURRENT_PROJECT_VERSION = 1;
				DEVELOPMENT_TEAM = QLF22M2925;
				GENERATE_INFOPLIST_FILE = YES;
				IPHONEOS_DEPLOYMENT_TARGET = 26.0;
				MARKETING_VERSION = 1.0;
				PRODUCT_BUNDLE_IDENTIFIER = "ListNavDemo.SNAPY-iOSTests";
				PRODUCT_NAME = "$(TARGET_NAME)";
				STRING_CATALOG_GENERATE_SYMBOLS = NO;
				SWIFT_APPROACHABLE_CONCURRENCY = YES;
				SWIFT_EMIT_LOC_STRINGS = NO;
				SWIFT_UPCOMING_FEATURE_MEMBER_IMPORT_VISIBILITY = YES;
				SWIFT_VERSION = 5.0;
				TARGETED_DEVICE_FAMILY = "1,2";
				TEST_HOST = "$(BUILT_PRODUCTS_DIR)/SNAPY_iOS.app/$(BUNDLE_EXECUTABLE_FOLDER_PATH)/SNAPY_iOS";
			};
			name = Release;
		};
		BC5AFEE62F68670100273744 /* Debug */ = {
			isa = XCBuildConfiguration;
			buildSettings = {
				CODE_SIGN_STYLE = Automatic;
				CURRENT_PROJECT_VERSION = 1;
				DEVELOPMENT_TEAM = QLF22M2925;
				GENERATE_INFOPLIST_FILE = YES;
				MARKETING_VERSION = 1.0;
				PRODUCT_BUNDLE_IDENTIFIER = "ListNavDemo.SNAPY-iOSUITests";
				PRODUCT_NAME = "$(TARGET_NAME)";
				STRING_CATALOG_GENERATE_SYMBOLS = NO;
				SWIFT_APPROACHABLE_CONCURRENCY = YES;
				SWIFT_EMIT_LOC_STRINGS = NO;
				SWIFT_UPCOMING_FEATURE_MEMBER_IMPORT_VISIBILITY = YES;
				SWIFT_VERSION = 5.0;
				TARGETED_DEVICE_FAMILY = "1,2";
				TEST_TARGET_NAME = SNAPY_iOS;
			};
			name = Debug;
		};
		BC5AFEE72F68670100273744 /* Release */ = {
			isa = XCBuildConfiguration;
			buildSettings = {
				CODE_SIGN_STYLE = Automatic;
				CURRENT_PROJECT_VERSION = 1;
				DEVELOPMENT_TEAM = QLF22M2925;
				GENERATE_INFOPLIST_FILE = YES;
				MARKETING_VERSION = 1.0;
				PRODUCT_BUNDLE_IDENTIFIER = "ListNavDemo.SNAPY-iOSUITests";
				PRODUCT_NAME = "$(TARGET_NAME)";
				STRING_CATALOG_GENERATE_SYMBOLS = NO;
				SWIFT_APPROACHABLE_CONCURRENCY = YES;
				SWIFT_EMIT_LOC_STRINGS = NO;
				SWIFT_UPCOMING_FEATURE_MEMBER_IMPORT_VISIBILITY = YES;
				SWIFT_VERSION = 5.0;
				TARGETED_DEVICE_FAMILY = "1,2";
				TEST_TARGET_NAME = SNAPY_iOS;
			};
			name = Release;
		};
/* End XCBuildConfiguration section */

/* Begin XCConfigurationList section */
		BC5AFEB92F6866FF00273744 /* Build configuration list for PBXProject "SNAPY_iOS" */ = {
			isa = XCConfigurationList;
			buildConfigurations = (
				BC5AFEDD2F68670100273744 /* Debug */,
				BC5AFEDE2F68670100273744 /* Release */,
			);
			defaultConfigurationIsVisible = 0;
			defaultConfigurationName = Release;
		};
		BC5AFEDF2F68670100273744 /* Build configuration list for PBXNativeTarget "SNAPY_iOS" */ = {
			isa = XCConfigurationList;
			buildConfigurations = (
				BC5AFEE02F68670100273744 /* Debug */,
				BC5AFEE12F68670100273744 /* Release */,
			);
			defaultConfigurationIsVisible = 0;
			defaultConfigurationName = Release;
		};
		BC5AFEE22F68670100273744 /* Build configuration list for PBXNativeTarget "SNAPY_iOSTests" */ = {
			isa = XCConfigurationList;
			buildConfigurations = (
				BC5AFEE32F68670100273744 /* Debug */,
				BC5AFEE42F68670100273744 /* Release */,
			);
			defaultConfigurationIsVisible = 0;
			defaultConfigurationName = Release;
		};
		BC5AFEE52F68670100273744 /* Build configuration list for PBXNativeTarget "SNAPY_iOSUITests" */ = {
			isa = XCConfigurationList;
			buildConfigurations = (
				BC5AFEE62F68670100273744 /* Debug */,
				BC5AFEE72F68670100273744 /* Release */,
			);
			defaultConfigurationIsVisible = 0;
			defaultConfigurationName = Release;
		};
/* End XCConfigurationList section */

/* Begin XCRemoteSwiftPackageReference section */
		BCD815892F68DF9B0028AE50 /* XCRemoteSwiftPackageReference "Moya" */ = {
			isa = XCRemoteSwiftPackageReference;
			repositoryURL = "https://github.com/Moya/Moya";
			requirement = {
				kind = upToNextMajorVersion;
				minimumVersion = 15.0.3;
			};
		};
/* End XCRemoteSwiftPackageReference section */

/* Begin XCSwiftPackageProductDependency section */
		BCD8158A2F68DF9B0028AE50 /* CombineMoya */ = {
			isa = XCSwiftPackageProductDependency;
			package = BCD815892F68DF9B0028AE50 /* XCRemoteSwiftPackageReference "Moya" */;
			productName = CombineMoya;
		};
		BCD8158C2F68DF9B0028AE50 /* Moya */ = {
			isa = XCSwiftPackageProductDependency;
			package = BCD815892F68DF9B0028AE50 /* XCRemoteSwiftPackageReference "Moya" */;
			productName = Moya;
		};
		BCD8158E2F68DF9B0028AE50 /* ReactiveMoya */ = {
			isa = XCSwiftPackageProductDependency;
			package = BCD815892F68DF9B0028AE50 /* XCRemoteSwiftPackageReference "Moya" */;
			productName = ReactiveMoya;
		};
		BCD815902F68DF9B0028AE50 /* RxMoya */ = {
			isa = XCSwiftPackageProductDependency;
			package = BCD815892F68DF9B0028AE50 /* XCRemoteSwiftPackageReference "Moya" */;
			productName = RxMoya;
		};
/* End XCSwiftPackageProductDependency section */
	};
	rootObject = BC5AFEB62F6866FF00273744 /* Project object */;
}
